// !$*UTF8*$!
{
	archiveVersion = 1;
	classes = {
	};
	objectVersion = 56;
	objects = {

/* Begin PBXBuildFile section */
		745B1DB329DDC57D00F89460 /* MediaPlayer.framework in Frameworks */ = {isa = PBXBuildFile; fileRef = 745B1DB229DDC57D00F89460 /* MediaPlayer.framework */; };
		745B1DB529DDC58900F89460 /* MediaAccessibility.framework in Frameworks */ = {isa = PBXBuildFile; fileRef = 745B1DB429DDC58900F89460 /* MediaAccessibility.framework */; };
		745B1DB729DDC59300F89460 /* CoreMedia.framework in Frameworks */ = {isa = PBXBuildFile; fileRef = 745B1DB629DDC59300F89460 /* CoreMedia.framework */; };
		745B1DB829DDC6D000F89460 /* WebKit.framework in Frameworks */ = {isa = PBXBuildFile; fileRef = 74F3045F29DC6100007A76B6 /* WebKit.framework */; };
		74725FC629F022E600950F65 /* GridItemView.swift in Sources */ = {isa = PBXBuildFile; fileRef = 74725FC529F022E600950F65 /* GridItemView.swift */; };
		74725FC829F0234E00950F65 /* SearchItemView.swift in Sources */ = {isa = PBXBuildFile; fileRef = 74725FC729F0234E00950F65 /* SearchItemView.swift */; };
		748D8BC029C886650072832F /* APIManager.swift in Sources */ = {isa = PBXBuildFile; fileRef = 748D8BBF29C886650072832F /* APIManager.swift */; };
		748D8BC229C888F50072832F /* Movie.swift in Sources */ = {isa = PBXBuildFile; fileRef = 748D8BC129C888F50072832F /* Movie.swift */; };
		748D8BC429C8A33C0072832F /* GoogleService-Info.plist in Resources */ = {isa = PBXBuildFile; fileRef = 748D8BC329C8A33C0072832F /* GoogleService-Info.plist */; };
		748D8BC729C8A62B0072832F /* FirebaseAuth in Frameworks */ = {isa = PBXBuildFile; productRef = 748D8BC629C8A62B0072832F /* FirebaseAuth */; };
		748D8BC929C8A62B0072832F /* FirebaseDatabase in Frameworks */ = {isa = PBXBuildFile; productRef = 748D8BC829C8A62B0072832F /* FirebaseDatabase */; };
		748D8BCB29C8A62B0072832F /* FirebaseFirestore in Frameworks */ = {isa = PBXBuildFile; productRef = 748D8BCA29C8A62B0072832F /* FirebaseFirestore */; };
		748D8BCD29C8A62B0072832F /* FirebaseFirestoreCombine-Community in Frameworks */ = {isa = PBXBuildFile; productRef = 748D8BCC29C8A62B0072832F /* FirebaseFirestoreCombine-Community */; };
		748D8BCF29C8A62B0072832F /* FirebaseFirestoreSwift in Frameworks */ = {isa = PBXBuildFile; productRef = 748D8BCE29C8A62B0072832F /* FirebaseFirestoreSwift */; };
		748D8BD129C8A62B0072832F /* FirebaseFunctions in Frameworks */ = {isa = PBXBuildFile; productRef = 748D8BD029C8A62B0072832F /* FirebaseFunctions */; };
		748D8BD329C8A62B0072832F /* FirebaseFunctionsCombine-Community in Frameworks */ = {isa = PBXBuildFile; productRef = 748D8BD229C8A62B0072832F /* FirebaseFunctionsCombine-Community */; };
		748D8BD529C8A62B0072832F /* FirebaseStorage in Frameworks */ = {isa = PBXBuildFile; productRef = 748D8BD429C8A62B0072832F /* FirebaseStorage */; };
		748D8BD729C9F6170072832F /* PopularMoviesView.swift in Sources */ = {isa = PBXBuildFile; fileRef = 748D8BD629C9F6170072832F /* PopularMoviesView.swift */; };
		748D8BD929C9F6330072832F /* SearchView.swift in Sources */ = {isa = PBXBuildFile; fileRef = 748D8BD829C9F6330072832F /* SearchView.swift */; };
		748D8BDB29C9F6470072832F /* FavoritesView.swift in Sources */ = {isa = PBXBuildFile; fileRef = 748D8BDA29C9F6470072832F /* FavoritesView.swift */; };
		74B6D02629CB26EA002FF462 /* LogInView.swift in Sources */ = {isa = PBXBuildFile; fileRef = 74B6D02529CB26EA002FF462 /* LogInView.swift */; };
		74B6D02829CB2784002FF462 /* SplashScreenView.swift in Sources */ = {isa = PBXBuildFile; fileRef = 74B6D02729CB2784002FF462 /* SplashScreenView.swift */; };
		74B6D02A29CB3438002FF462 /* User.swift in Sources */ = {isa = PBXBuildFile; fileRef = 74B6D02929CB3438002FF462 /* User.swift */; };
		74B6D02F29CB44FA002FF462 /* UserManager.swift in Sources */ = {isa = PBXBuildFile; fileRef = 74B6D02E29CB44FA002FF462 /* UserManager.swift */; };
		74B8E5D029C8773F00E870E4 /* MoviePalApp.swift in Sources */ = {isa = PBXBuildFile; fileRef = 74B8E5CF29C8773F00E870E4 /* MoviePalApp.swift */; };
		74B8E5D229C8773F00E870E4 /* ContentView.swift in Sources */ = {isa = PBXBuildFile; fileRef = 74B8E5D129C8773F00E870E4 /* ContentView.swift */; };
		74B8E5D429C8774400E870E4 /* Assets.xcassets in Resources */ = {isa = PBXBuildFile; fileRef = 74B8E5D329C8774400E870E4 /* Assets.xcassets */; };
		74B8E5D729C8774400E870E4 /* Preview Assets.xcassets in Resources */ = {isa = PBXBuildFile; fileRef = 74B8E5D629C8774400E870E4 /* Preview Assets.xcassets */; };
		74B8E5E129C8774400E870E4 /* MoviePalTests.swift in Sources */ = {isa = PBXBuildFile; fileRef = 74B8E5E029C8774400E870E4 /* MoviePalTests.swift */; };
		74B8E5EB29C8774400E870E4 /* MoviePalUITests.swift in Sources */ = {isa = PBXBuildFile; fileRef = 74B8E5EA29C8774400E870E4 /* MoviePalUITests.swift */; };
		74B8E5ED29C8774400E870E4 /* MoviePalUITestsLaunchTests.swift in Sources */ = {isa = PBXBuildFile; fileRef = 74B8E5EC29C8774400E870E4 /* MoviePalUITestsLaunchTests.swift */; };
		74C684AC29D9AED000CD89A9 /* MovieTrailerView.swift in Sources */ = {isa = PBXBuildFile; fileRef = 74C684AB29D9AED000CD89A9 /* MovieTrailerView.swift */; };
		74D7F10D29EEF3AA0031426A /* MovieInfoView.swift in Sources */ = {isa = PBXBuildFile; fileRef = 74D7F10C29EEF3AA0031426A /* MovieInfoView.swift */; };
/* End PBXBuildFile section */

/* Begin PBXContainerItemProxy section */
		74B8E5DD29C8774400E870E4 /* PBXContainerItemProxy */ = {
			isa = PBXContainerItemProxy;
			containerPortal = 74B8E5C429C8773F00E870E4 /* Project object */;
			proxyType = 1;
			remoteGlobalIDString = 74B8E5CB29C8773F00E870E4;
			remoteInfo = MoviePal;
		};
		74B8E5E729C8774400E870E4 /* PBXContainerItemProxy */ = {
			isa = PBXContainerItemProxy;
			containerPortal = 74B8E5C429C8773F00E870E4 /* Project object */;
			proxyType = 1;
			remoteGlobalIDString = 74B8E5CB29C8773F00E870E4;
			remoteInfo = MoviePal;
		};
/* End PBXContainerItemProxy section */

/* Begin PBXFileReference section */
		745B1DB229DDC57D00F89460 /* MediaPlayer.framework */ = {isa = PBXFileReference; lastKnownFileType = wrapper.framework; name = MediaPlayer.framework; path = System/Library/Frameworks/MediaPlayer.framework; sourceTree = SDKROOT; };
		745B1DB429DDC58900F89460 /* MediaAccessibility.framework */ = {isa = PBXFileReference; lastKnownFileType = wrapper.framework; name = MediaAccessibility.framework; path = System/Library/Frameworks/MediaAccessibility.framework; sourceTree = SDKROOT; };
		745B1DB629DDC59300F89460 /* CoreMedia.framework */ = {isa = PBXFileReference; lastKnownFileType = wrapper.framework; name = CoreMedia.framework; path = System/Library/Frameworks/CoreMedia.framework; sourceTree = SDKROOT; };
		74725FC529F022E600950F65 /* GridItemView.swift */ = {isa = PBXFileReference; lastKnownFileType = sourcecode.swift; path = GridItemView.swift; sourceTree = "<group>"; };
		74725FC729F0234E00950F65 /* SearchItemView.swift */ = {isa = PBXFileReference; lastKnownFileType = sourcecode.swift; path = SearchItemView.swift; sourceTree = "<group>"; };
		748D8BBF29C886650072832F /* APIManager.swift */ = {isa = PBXFileReference; lastKnownFileType = sourcecode.swift; path = APIManager.swift; sourceTree = "<group>"; };
		748D8BC129C888F50072832F /* Movie.swift */ = {isa = PBXFileReference; lastKnownFileType = sourcecode.swift; path = Movie.swift; sourceTree = "<group>"; };
		748D8BC329C8A33C0072832F /* GoogleService-Info.plist */ = {isa = PBXFileReference; fileEncoding = 4; lastKnownFileType = text.plist.xml; path = "GoogleService-Info.plist"; sourceTree = "<group>"; };
		748D8BD629C9F6170072832F /* PopularMoviesView.swift */ = {isa = PBXFileReference; lastKnownFileType = sourcecode.swift; path = PopularMoviesView.swift; sourceTree = "<group>"; };
		748D8BD829C9F6330072832F /* SearchView.swift */ = {isa = PBXFileReference; lastKnownFileType = sourcecode.swift; path = SearchView.swift; sourceTree = "<group>"; };
		748D8BDA29C9F6470072832F /* FavoritesView.swift */ = {isa = PBXFileReference; lastKnownFileType = sourcecode.swift; path = FavoritesView.swift; sourceTree = "<group>"; };
		74B6D02529CB26EA002FF462 /* LogInView.swift */ = {isa = PBXFileReference; lastKnownFileType = sourcecode.swift; path = LogInView.swift; sourceTree = "<group>"; };
		74B6D02729CB2784002FF462 /* SplashScreenView.swift */ = {isa = PBXFileReference; lastKnownFileType = sourcecode.swift; path = SplashScreenView.swift; sourceTree = "<group>"; };
		74B6D02929CB3438002FF462 /* User.swift */ = {isa = PBXFileReference; lastKnownFileType = sourcecode.swift; path = User.swift; sourceTree = "<group>"; };
		74B6D02E29CB44FA002FF462 /* UserManager.swift */ = {isa = PBXFileReference; lastKnownFileType = sourcecode.swift; path = UserManager.swift; sourceTree = "<group>"; };
		74B8E5CC29C8773F00E870E4 /* MoviePal.app */ = {isa = PBXFileReference; explicitFileType = wrapper.application; includeInIndex = 0; path = MoviePal.app; sourceTree = BUILT_PRODUCTS_DIR; };
		74B8E5CF29C8773F00E870E4 /* MoviePalApp.swift */ = {isa = PBXFileReference; lastKnownFileType = sourcecode.swift; path = MoviePalApp.swift; sourceTree = "<group>"; };
		74B8E5D129C8773F00E870E4 /* ContentView.swift */ = {isa = PBXFileReference; lastKnownFileType = sourcecode.swift; path = ContentView.swift; sourceTree = "<group>"; };
		74B8E5D329C8774400E870E4 /* Assets.xcassets */ = {isa = PBXFileReference; lastKnownFileType = folder.assetcatalog; path = Assets.xcassets; sourceTree = "<group>"; };
		74B8E5D629C8774400E870E4 /* Preview Assets.xcassets */ = {isa = PBXFileReference; lastKnownFileType = folder.assetcatalog; path = "Preview Assets.xcassets"; sourceTree = "<group>"; };
		74B8E5DC29C8774400E870E4 /* MoviePalTests.xctest */ = {isa = PBXFileReference; explicitFileType = wrapper.cfbundle; includeInIndex = 0; path = MoviePalTests.xctest; sourceTree = BUILT_PRODUCTS_DIR; };
		74B8E5E029C8774400E870E4 /* MoviePalTests.swift */ = {isa = PBXFileReference; lastKnownFileType = sourcecode.swift; path = MoviePalTests.swift; sourceTree = "<group>"; };
		74B8E5E629C8774400E870E4 /* MoviePalUITests.xctest */ = {isa = PBXFileReference; explicitFileType = wrapper.cfbundle; includeInIndex = 0; path = MoviePalUITests.xctest; sourceTree = BUILT_PRODUCTS_DIR; };
		74B8E5EA29C8774400E870E4 /* MoviePalUITests.swift */ = {isa = PBXFileReference; lastKnownFileType = sourcecode.swift; path = MoviePalUITests.swift; sourceTree = "<group>"; };
		74B8E5EC29C8774400E870E4 /* MoviePalUITestsLaunchTests.swift */ = {isa = PBXFileReference; lastKnownFileType = sourcecode.swift; path = MoviePalUITestsLaunchTests.swift; sourceTree = "<group>"; };
		74C684AB29D9AED000CD89A9 /* MovieTrailerView.swift */ = {isa = PBXFileReference; lastKnownFileType = sourcecode.swift; path = MovieTrailerView.swift; sourceTree = "<group>"; };
		74D7F10C29EEF3AA0031426A /* MovieInfoView.swift */ = {isa = PBXFileReference; lastKnownFileType = sourcecode.swift; path = MovieInfoView.swift; sourceTree = "<group>"; };
		74F3045D29DC602B007A76B6 /* Info.plist */ = {isa = PBXFileReference; lastKnownFileType = text.plist.xml; path = Info.plist; sourceTree = "<group>"; };
		74F3045F29DC6100007A76B6 /* WebKit.framework */ = {isa = PBXFileReference; lastKnownFileType = wrapper.framework; name = WebKit.framework; path = System/Library/Frameworks/WebKit.framework; sourceTree = SDKROOT; };
/* End PBXFileReference section */

/* Begin PBXFrameworksBuildPhase section */
		74B8E5C929C8773F00E870E4 /* Frameworks */ = {
			isa = PBXFrameworksBuildPhase;
			buildActionMask = 2147483647;
			files = (
				745B1DB829DDC6D000F89460 /* WebKit.framework in Frameworks */,
				745B1DB729DDC59300F89460 /* CoreMedia.framework in Frameworks */,
				745B1DB529DDC58900F89460 /* MediaAccessibility.framework in Frameworks */,
				745B1DB329DDC57D00F89460 /* MediaPlayer.framework in Frameworks */,
				748D8BD329C8A62B0072832F /* FirebaseFunctionsCombine-Community in Frameworks */,
				748D8BCF29C8A62B0072832F /* FirebaseFirestoreSwift in Frameworks */,
				748D8BC929C8A62B0072832F /* FirebaseDatabase in Frameworks */,
				748D8BCD29C8A62B0072832F /* FirebaseFirestoreCombine-Community in Frameworks */,
				748D8BD129C8A62B0072832F /* FirebaseFunctions in Frameworks */,
				748D8BD529C8A62B0072832F /* FirebaseStorage in Frameworks */,
				748D8BC729C8A62B0072832F /* FirebaseAuth in Frameworks */,
				748D8BCB29C8A62B0072832F /* FirebaseFirestore in Frameworks */,
			);
			runOnlyForDeploymentPostprocessing = 0;
		};
		74B8E5D929C8774400E870E4 /* Frameworks */ = {
			isa = PBXFrameworksBuildPhase;
			buildActionMask = 2147483647;
			files = (
			);
			runOnlyForDeploymentPostprocessing = 0;
		};
		74B8E5E329C8774400E870E4 /* Frameworks */ = {
			isa = PBXFrameworksBuildPhase;
			buildActionMask = 2147483647;
			files = (
			);
			runOnlyForDeploymentPostprocessing = 0;
		};
/* End PBXFrameworksBuildPhase section */

/* Begin PBXGroup section */
		74B6D02B29CB38CF002FF462 /* Views */ = {
			isa = PBXGroup;
			children = (
				74B6D02729CB2784002FF462 /* SplashScreenView.swift */,
				74B6D02529CB26EA002FF462 /* LogInView.swift */,
				74B8E5D129C8773F00E870E4 /* ContentView.swift */,
				748D8BD629C9F6170072832F /* PopularMoviesView.swift */,
				748D8BD829C9F6330072832F /* SearchView.swift */,
				748D8BDA29C9F6470072832F /* FavoritesView.swift */,
				74D7F10C29EEF3AA0031426A /* MovieInfoView.swift */,
				74C684AB29D9AED000CD89A9 /* MovieTrailerView.swift */,
				74725FC529F022E600950F65 /* GridItemView.swift */,
				74725FC729F0234E00950F65 /* SearchItemView.swift */,
			);
			path = Views;
			sourceTree = "<group>";
		};
		74B6D02C29CB38F1002FF462 /* Classes */ = {
			isa = PBXGroup;
			children = (
				74B6D02929CB3438002FF462 /* User.swift */,
				748D8BC129C888F50072832F /* Movie.swift */,
			);
			path = Classes;
			sourceTree = "<group>";
		};
		74B6D02D29CB38FF002FF462 /* Managers */ = {
			isa = PBXGroup;
			children = (
				748D8BBF29C886650072832F /* APIManager.swift */,
				74B6D02E29CB44FA002FF462 /* UserManager.swift */,
			);
			path = Managers;
			sourceTree = "<group>";
		};
		74B8E5C329C8773F00E870E4 = {
			isa = PBXGroup;
			children = (
				74B8E5CE29C8773F00E870E4 /* MoviePal */,
				74B8E5DF29C8774400E870E4 /* MoviePalTests */,
				74B8E5E929C8774400E870E4 /* MoviePalUITests */,
				74B8E5CD29C8773F00E870E4 /* Products */,
				74F3045E29DC6100007A76B6 /* Frameworks */,
			);
			sourceTree = "<group>";
		};
		74B8E5CD29C8773F00E870E4 /* Products */ = {
			isa = PBXGroup;
			children = (
				74B8E5CC29C8773F00E870E4 /* MoviePal.app */,
				74B8E5DC29C8774400E870E4 /* MoviePalTests.xctest */,
				74B8E5E629C8774400E870E4 /* MoviePalUITests.xctest */,
			);
			name = Products;
			sourceTree = "<group>";
		};
		74B8E5CE29C8773F00E870E4 /* MoviePal */ = {
			isa = PBXGroup;
			children = (
				74F3045D29DC602B007A76B6 /* Info.plist */,
				74B8E5CF29C8773F00E870E4 /* MoviePalApp.swift */,
				74B6D02D29CB38FF002FF462 /* Managers */,
				74B6D02C29CB38F1002FF462 /* Classes */,
				74B6D02B29CB38CF002FF462 /* Views */,
				74B8E5D329C8774400E870E4 /* Assets.xcassets */,
				748D8BC329C8A33C0072832F /* GoogleService-Info.plist */,
				74B8E5D529C8774400E870E4 /* Preview Content */,
			);
			path = MoviePal;
			sourceTree = "<group>";
		};
		74B8E5D529C8774400E870E4 /* Preview Content */ = {
			isa = PBXGroup;
			children = (
				74B8E5D629C8774400E870E4 /* Preview Assets.xcassets */,
			);
			path = "Preview Content";
			sourceTree = "<group>";
		};
		74B8E5DF29C8774400E870E4 /* MoviePalTests */ = {
			isa = PBXGroup;
			children = (
				74B8E5E029C8774400E870E4 /* MoviePalTests.swift */,
			);
			path = MoviePalTests;
			sourceTree = "<group>";
		};
		74B8E5E929C8774400E870E4 /* MoviePalUITests */ = {
			isa = PBXGroup;
			children = (
				74B8E5EA29C8774400E870E4 /* MoviePalUITests.swift */,
				74B8E5EC29C8774400E870E4 /* MoviePalUITestsLaunchTests.swift */,
			);
			path = MoviePalUITests;
			sourceTree = "<group>";
		};
		74F3045E29DC6100007A76B6 /* Frameworks */ = {
			isa = PBXGroup;
			children = (
				745B1DB629DDC59300F89460 /* CoreMedia.framework */,
				745B1DB429DDC58900F89460 /* MediaAccessibility.framework */,
				745B1DB229DDC57D00F89460 /* MediaPlayer.framework */,
				74F3045F29DC6100007A76B6 /* WebKit.framework */,
			);
			name = Frameworks;
			sourceTree = "<group>";
		};
/* End PBXGroup section */

/* Begin PBXNativeTarget section */
		74B8E5CB29C8773F00E870E4 /* MoviePal */ = {
			isa = PBXNativeTarget;
			buildConfigurationList = 74B8E5F029C8774400E870E4 /* Build configuration list for PBXNativeTarget "MoviePal" */;
			buildPhases = (
				74B8E5C829C8773F00E870E4 /* Sources */,
				74B8E5C929C8773F00E870E4 /* Frameworks */,
				74B8E5CA29C8773F00E870E4 /* Resources */,
			);
			buildRules = (
			);
			dependencies = (
			);
			name = MoviePal;
			packageProductDependencies = (
				748D8BC629C8A62B0072832F /* FirebaseAuth */,
				748D8BC829C8A62B0072832F /* FirebaseDatabase */,
				748D8BCA29C8A62B0072832F /* FirebaseFirestore */,
				748D8BCC29C8A62B0072832F /* FirebaseFirestoreCombine-Community */,
				748D8BCE29C8A62B0072832F /* FirebaseFirestoreSwift */,
				748D8BD029C8A62B0072832F /* FirebaseFunctions */,
				748D8BD229C8A62B0072832F /* FirebaseFunctionsCombine-Community */,
				748D8BD429C8A62B0072832F /* FirebaseStorage */,
			);
			productName = MoviePal;
			productReference = 74B8E5CC29C8773F00E870E4 /* MoviePal.app */;
			productType = "com.apple.product-type.application";
		};
		74B8E5DB29C8774400E870E4 /* MoviePalTests */ = {
			isa = PBXNativeTarget;
			buildConfigurationList = 74B8E5F329C8774400E870E4 /* Build configuration list for PBXNativeTarget "MoviePalTests" */;
			buildPhases = (
				74B8E5D829C8774400E870E4 /* Sources */,
				74B8E5D929C8774400E870E4 /* Frameworks */,
				74B8E5DA29C8774400E870E4 /* Resources */,
			);
			buildRules = (
			);
			dependencies = (
				74B8E5DE29C8774400E870E4 /* PBXTargetDependency */,
			);
			name = MoviePalTests;
			productName = MoviePalTests;
			productReference = 74B8E5DC29C8774400E870E4 /* MoviePalTests.xctest */;
			productType = "com.apple.product-type.bundle.unit-test";
		};
		74B8E5E529C8774400E870E4 /* MoviePalUITests */ = {
			isa = PBXNativeTarget;
			buildConfigurationList = 74B8E5F629C8774400E870E4 /* Build configuration list for PBXNativeTarget "MoviePalUITests" */;
			buildPhases = (
				74B8E5E229C8774400E870E4 /* Sources */,
				74B8E5E329C8774400E870E4 /* Frameworks */,
				74B8E5E429C8774400E870E4 /* Resources */,
			);
			buildRules = (
			);
			dependencies = (
				74B8E5E829C8774400E870E4 /* PBXTargetDependency */,
			);
			name = MoviePalUITests;
			productName = MoviePalUITests;
			productReference = 74B8E5E629C8774400E870E4 /* MoviePalUITests.xctest */;
			productType = "com.apple.product-type.bundle.ui-testing";
		};
/* End PBXNativeTarget section */

/* Begin PBXProject section */
		74B8E5C429C8773F00E870E4 /* Project object */ = {
			isa = PBXProject;
			attributes = {
				BuildIndependentTargetsInParallel = 1;
				LastSwiftUpdateCheck = 1420;
				LastUpgradeCheck = 1420;
				TargetAttributes = {
					74B8E5CB29C8773F00E870E4 = {
						CreatedOnToolsVersion = 14.2;
					};
					74B8E5DB29C8774400E870E4 = {
						CreatedOnToolsVersion = 14.2;
						TestTargetID = 74B8E5CB29C8773F00E870E4;
					};
					74B8E5E529C8774400E870E4 = {
						CreatedOnToolsVersion = 14.2;
						TestTargetID = 74B8E5CB29C8773F00E870E4;
					};
				};
			};
			buildConfigurationList = 74B8E5C729C8773F00E870E4 /* Build configuration list for PBXProject "MoviePal" */;
			compatibilityVersion = "Xcode 14.0";
			developmentRegion = en;
			hasScannedForEncodings = 0;
			knownRegions = (
				en,
				Base,
			);
			mainGroup = 74B8E5C329C8773F00E870E4;
			packageReferences = (
				748D8BC529C8A62B0072832F /* XCRemoteSwiftPackageReference "firebase-ios-sdk" */,
			);
			productRefGroup = 74B8E5CD29C8773F00E870E4 /* Products */;
			projectDirPath = "";
			projectRoot = "";
			targets = (
				74B8E5CB29C8773F00E870E4 /* MoviePal */,
				74B8E5DB29C8774400E870E4 /* MoviePalTests */,
				74B8E5E529C8774400E870E4 /* MoviePalUITests */,
			);
		};
/* End PBXProject section */

/* Begin PBXResourcesBuildPhase section */
		74B8E5CA29C8773F00E870E4 /* Resources */ = {
			isa = PBXResourcesBuildPhase;
			buildActionMask = 2147483647;
			files = (
				74B8E5D729C8774400E870E4 /* Preview Assets.xcassets in Resources */,
				74B8E5D429C8774400E870E4 /* Assets.xcassets in Resources */,
				748D8BC429C8A33C0072832F /* GoogleService-Info.plist in Resources */,
			);
			runOnlyForDeploymentPostprocessing = 0;
		};
		74B8E5DA29C8774400E870E4 /* Resources */ = {
			isa = PBXResourcesBuildPhase;
			buildActionMask = 2147483647;
			files = (
			);
			runOnlyForDeploymentPostprocessing = 0;
		};
		74B8E5E429C8774400E870E4 /* Resources */ = {
			isa = PBXResourcesBuildPhase;
			buildActionMask = 2147483647;
			files = (
			);
			runOnlyForDeploymentPostprocessing = 0;
		};
/* End PBXResourcesBuildPhase section */

/* Begin PBXSourcesBuildPhase section */
		74B8E5C829C8773F00E870E4 /* Sources */ = {
			isa = PBXSourcesBuildPhase;
			buildActionMask = 2147483647;
			files = (
				748D8BC029C886650072832F /* APIManager.swift in Sources */,
				74B8E5D229C8773F00E870E4 /* ContentView.swift in Sources */,
				74B6D02829CB2784002FF462 /* SplashScreenView.swift in Sources */,
				74725FC629F022E600950F65 /* GridItemView.swift in Sources */,
				748D8BD729C9F6170072832F /* PopularMoviesView.swift in Sources */,
				748D8BC229C888F50072832F /* Movie.swift in Sources */,
				74D7F10D29EEF3AA0031426A /* MovieInfoView.swift in Sources */,
				748D8BDB29C9F6470072832F /* FavoritesView.swift in Sources */,
				74725FC829F0234E00950F65 /* SearchItemView.swift in Sources */,
				748D8BD929C9F6330072832F /* SearchView.swift in Sources */,
				74C684AC29D9AED000CD89A9 /* MovieTrailerView.swift in Sources */,
				74B6D02629CB26EA002FF462 /* LogInView.swift in Sources */,
				74B6D02A29CB3438002FF462 /* User.swift in Sources */,
				74B6D02F29CB44FA002FF462 /* UserManager.swift in Sources */,
				74B8E5D029C8773F00E870E4 /* MoviePalApp.swift in Sources */,
			);
			runOnlyForDeploymentPostprocessing = 0;
		};
		74B8E5D829C8774400E870E4 /* Sources */ = {
			isa = PBXSourcesBuildPhase;
			buildActionMask = 2147483647;
			files = (
				74B8E5E129C8774400E870E4 /* MoviePalTests.swift in Sources */,
			);
			runOnlyForDeploymentPostprocessing = 0;
		};
		74B8E5E229C8774400E870E4 /* Sources */ = {
			isa = PBXSourcesBuildPhase;
			buildActionMask = 2147483647;
			files = (
				74B8E5ED29C8774400E870E4 /* MoviePalUITestsLaunchTests.swift in Sources */,
				74B8E5EB29C8774400E870E4 /* MoviePalUITests.swift in Sources */,
			);
			runOnlyForDeploymentPostprocessing = 0;
		};
/* End PBXSourcesBuildPhase section */

/* Begin PBXTargetDependency section */
		74B8E5DE29C8774400E870E4 /* PBXTargetDependency */ = {
			isa = PBXTargetDependency;
			target = 74B8E5CB29C8773F00E870E4 /* MoviePal */;
			targetProxy = 74B8E5DD29C8774400E870E4 /* PBXContainerItemProxy */;
		};
		74B8E5E829C8774400E870E4 /* PBXTargetDependency */ = {
			isa = PBXTargetDependency;
			target = 74B8E5CB29C8773F00E870E4 /* MoviePal */;
			targetProxy = 74B8E5E729C8774400E870E4 /* PBXContainerItemProxy */;
		};
/* End PBXTargetDependency section */

/* Begin XCBuildConfiguration section */
		74B8E5EE29C8774400E870E4 /* Debug */ = {
			isa = XCBuildConfiguration;
			buildSettings = {
				ALWAYS_SEARCH_USER_PATHS = NO;
				CLANG_ANALYZER_NONNULL = YES;
				CLANG_ANALYZER_NUMBER_OBJECT_CONVERSION = YES_AGGRESSIVE;
				CLANG_CXX_LANGUAGE_STANDARD = "gnu++20";
				CLANG_ENABLE_MODULES = YES;
				CLANG_ENABLE_OBJC_ARC = YES;
				CLANG_ENABLE_OBJC_WEAK = YES;
				CLANG_WARN_BLOCK_CAPTURE_AUTORELEASING = YES;
				CLANG_WARN_BOOL_CONVERSION = YES;
				CLANG_WARN_COMMA = YES;
				CLANG_WARN_CONSTANT_CONVERSION = YES;
				CLANG_WARN_DEPRECATED_OBJC_IMPLEMENTATIONS = YES;
				CLANG_WARN_DIRECT_OBJC_ISA_USAGE = YES_ERROR;
				CLANG_WARN_DOCUMENTATION_COMMENTS = YES;
				CLANG_WARN_EMPTY_BODY = YES;
				CLANG_WARN_ENUM_CONVERSION = YES;
				CLANG_WARN_INFINITE_RECURSION = YES;
				CLANG_WARN_INT_CONVERSION = YES;
				CLANG_WARN_NON_LITERAL_NULL_CONVERSION = YES;
				CLANG_WARN_OBJC_IMPLICIT_RETAIN_SELF = YES;
				CLANG_WARN_OBJC_LITERAL_CONVERSION = YES;
				CLANG_WARN_OBJC_ROOT_CLASS = YES_ERROR;
				CLANG_WARN_QUOTED_INCLUDE_IN_FRAMEWORK_HEADER = YES;
				CLANG_WARN_RANGE_LOOP_ANALYSIS = YES;
				CLANG_WARN_STRICT_PROTOTYPES = YES;
				CLANG_WARN_SUSPICIOUS_MOVE = YES;
				CLANG_WARN_UNGUARDED_AVAILABILITY = YES_AGGRESSIVE;
				CLANG_WARN_UNREACHABLE_CODE = YES;
				CLANG_WARN__DUPLICATE_METHOD_MATCH = YES;
				COPY_PHASE_STRIP = NO;
				DEBUG_INFORMATION_FORMAT = dwarf;
				ENABLE_STRICT_OBJC_MSGSEND = YES;
				ENABLE_TESTABILITY = YES;
				GCC_C_LANGUAGE_STANDARD = gnu11;
				GCC_DYNAMIC_NO_PIC = NO;
				GCC_NO_COMMON_BLOCKS = YES;
				GCC_OPTIMIZATION_LEVEL = 0;
				GCC_PREPROCESSOR_DEFINITIONS = (
					"DEBUG=1",
					"$(inherited)",
				);
				GCC_WARN_64_TO_32_BIT_CONVERSION = YES;
				GCC_WARN_ABOUT_RETURN_TYPE = YES_ERROR;
				GCC_WARN_UNDECLARED_SELECTOR = YES;
				GCC_WARN_UNINITIALIZED_AUTOS = YES_AGGRESSIVE;
				GCC_WARN_UNUSED_FUNCTION = YES;
				GCC_WARN_UNUSED_VARIABLE = YES;
				IPHONEOS_DEPLOYMENT_TARGET = 16.2;
				MTL_ENABLE_DEBUG_INFO = INCLUDE_SOURCE;
				MTL_FAST_MATH = YES;
				ONLY_ACTIVE_ARCH = YES;
				SDKROOT = iphoneos;
				SWIFT_ACTIVE_COMPILATION_CONDITIONS = DEBUG;
				SWIFT_OPTIMIZATION_LEVEL = "-Onone";
			};
			name = Debug;
		};
		74B8E5EF29C8774400E870E4 /* Release */ = {
			isa = XCBuildConfiguration;
			buildSettings = {
				ALWAYS_SEARCH_USER_PATHS = NO;
				CLANG_ANALYZER_NONNULL = YES;
				CLANG_ANALYZER_NUMBER_OBJECT_CONVERSION = YES_AGGRESSIVE;
				CLANG_CXX_LANGUAGE_STANDARD = "gnu++20";
				CLANG_ENABLE_MODULES = YES;
				CLANG_ENABLE_OBJC_ARC = YES;
				CLANG_ENABLE_OBJC_WEAK = YES;
				CLANG_WARN_BLOCK_CAPTURE_AUTORELEASING = YES;
				CLANG_WARN_BOOL_CONVERSION = YES;
				CLANG_WARN_COMMA = YES;
				CLANG_WARN_CONSTANT_CONVERSION = YES;
				CLANG_WARN_DEPRECATED_OBJC_IMPLEMENTATIONS = YES;
				CLANG_WARN_DIRECT_OBJC_ISA_USAGE = YES_ERROR;
				CLANG_WARN_DOCUMENTATION_COMMENTS = YES;
				CLANG_WARN_EMPTY_BODY = YES;
				CLANG_WARN_ENUM_CONVERSION = YES;
				CLANG_WARN_INFINITE_RECURSION = YES;
				CLANG_WARN_INT_CONVERSION = YES;
				CLANG_WARN_NON_LITERAL_NULL_CONVERSION = YES;
				CLANG_WARN_OBJC_IMPLICIT_RETAIN_SELF = YES;
				CLANG_WARN_OBJC_LITERAL_CONVERSION = YES;
				CLANG_WARN_OBJC_ROOT_CLASS = YES_ERROR;
				CLANG_WARN_QUOTED_INCLUDE_IN_FRAMEWORK_HEADER = YES;
				CLANG_WARN_RANGE_LOOP_ANALYSIS = YES;
				CLANG_WARN_STRICT_PROTOTYPES = YES;
				CLANG_WARN_SUSPICIOUS_MOVE = YES;
				CLANG_WARN_UNGUARDED_AVAILABILITY = YES_AGGRESSIVE;
				CLANG_WARN_UNREACHABLE_CODE = YES;
				CLANG_WARN__DUPLICATE_METHOD_MATCH = YES;
				COPY_PHASE_STRIP = NO;
				DEBUG_INFORMATION_FORMAT = "dwarf-with-dsym";
				ENABLE_NS_ASSERTIONS = NO;
				ENABLE_STRICT_OBJC_MSGSEND = YES;
				GCC_C_LANGUAGE_STANDARD = gnu11;
				GCC_NO_COMMON_BLOCKS = YES;
				GCC_WARN_64_TO_32_BIT_CONVERSION = YES;
				GCC_WARN_ABOUT_RETURN_TYPE = YES_ERROR;
				GCC_WARN_UNDECLARED_SELECTOR = YES;
				GCC_WARN_UNINITIALIZED_AUTOS = YES_AGGRESSIVE;
				GCC_WARN_UNUSED_FUNCTION = YES;
				GCC_WARN_UNUSED_VARIABLE = YES;
				IPHONEOS_DEPLOYMENT_TARGET = 16.2;
				MTL_ENABLE_DEBUG_INFO = NO;
				MTL_FAST_MATH = YES;
				SDKROOT = iphoneos;
				SWIFT_COMPILATION_MODE = wholemodule;
				SWIFT_OPTIMIZATION_LEVEL = "-O";
				VALIDATE_PRODUCT = YES;
			};
			name = Release;
		};
		74B8E5F129C8774400E870E4 /* Debug */ = {
			isa = XCBuildConfiguration;
			buildSettings = {
				ASSETCATALOG_COMPILER_APPICON_NAME = AppIcon;
				ASSETCATALOG_COMPILER_GLOBAL_ACCENT_COLOR_NAME = AccentColor;
				CODE_SIGN_STYLE = Automatic;
				CURRENT_PROJECT_VERSION = 1;
				DEVELOPMENT_ASSET_PATHS = "\"MoviePal/Preview Content\"";
				ENABLE_PREVIEWS = YES;
				GENERATE_INFOPLIST_FILE = YES;
				INFOPLIST_FILE = MoviePal/Info.plist;
				INFOPLIST_KEY_LSApplicationCategoryType = "";
				INFOPLIST_KEY_UIApplicationSceneManifest_Generation = YES;
				INFOPLIST_KEY_UIApplicationSupportsIndirectInputEvents = YES;
				INFOPLIST_KEY_UILaunchScreen_Generation = YES;
				INFOPLIST_KEY_UISupportedInterfaceOrientations_iPad = "UIInterfaceOrientationPortrait UIInterfaceOrientationPortraitUpsideDown UIInterfaceOrientationLandscapeLeft UIInterfaceOrientationLandscapeRight";
				INFOPLIST_KEY_UISupportedInterfaceOrientations_iPhone = "UIInterfaceOrientationPortrait UIInterfaceOrientationLandscapeLeft UIInterfaceOrientationLandscapeRight";
				LD_RUNPATH_SEARCH_PATHS = (
					"$(inherited)",
					"@executable_path/Frameworks",
				);
				MARKETING_VERSION = 1.0;
				PRODUCT_BUNDLE_IDENTIFIER = com.example.MoviePal;
				PRODUCT_NAME = "$(TARGET_NAME)";
				SWIFT_EMIT_LOC_STRINGS = YES;
				SWIFT_VERSION = 5.0;
				TARGETED_DEVICE_FAMILY = "1,2";
			};
			name = Debug;
		};
		74B8E5F229C8774400E870E4 /* Release */ = {
			isa = XCBuildConfiguration;
			buildSettings = {
				ASSETCATALOG_COMPILER_APPICON_NAME = AppIcon;
				ASSETCATALOG_COMPILER_GLOBAL_ACCENT_COLOR_NAME = AccentColor;
				CODE_SIGN_STYLE = Automatic;
				CURRENT_PROJECT_VERSION = 1;
				DEVELOPMENT_ASSET_PATHS = "\"MoviePal/Preview Content\"";
				ENABLE_PREVIEWS = YES;
				GENERATE_INFOPLIST_FILE = YES;
				INFOPLIST_FILE = MoviePal/Info.plist;
				INFOPLIST_KEY_LSApplicationCategoryType = "";
				INFOPLIST_KEY_UIApplicationSceneManifest_Generation = YES;
				INFOPLIST_KEY_UIApplicationSupportsIndirectInputEvents = YES;
				INFOPLIST_KEY_UILaunchScreen_Generation = YES;
				INFOPLIST_KEY_UISupportedInterfaceOrientations_iPad = "UIInterfaceOrientationPortrait UIInterfaceOrientationPortraitUpsideDown UIInterfaceOrientationLandscapeLeft UIInterfaceOrientationLandscapeRight";
				INFOPLIST_KEY_UISupportedInterfaceOrientations_iPhone = "UIInterfaceOrientationPortrait UIInterfaceOrientationLandscapeLeft UIInterfaceOrientationLandscapeRight";
				LD_RUNPATH_SEARCH_PATHS = (
					"$(inherited)",
					"@executable_path/Frameworks",
				);
				MARKETING_VERSION = 1.0;
				PRODUCT_BUNDLE_IDENTIFIER = com.example.MoviePal;
				PRODUCT_NAME = "$(TARGET_NAME)";
				SWIFT_EMIT_LOC_STRINGS = YES;
				SWIFT_VERSION = 5.0;
				TARGETED_DEVICE_FAMILY = "1,2";
			};
			name = Release;
		};
		74B8E5F429C8774400E870E4 /* Debug */ = {
			isa = XCBuildConfiguration;
			buildSettings = {
				ALWAYS_EMBED_SWIFT_STANDARD_LIBRARIES = YES;
				BUNDLE_LOADER = "$(TEST_HOST)";
				CODE_SIGN_STYLE = Automatic;
				CURRENT_PROJECT_VERSION = 1;
				GENERATE_INFOPLIST_FILE = YES;
				IPHONEOS_DEPLOYMENT_TARGET = 16.2;
				MARKETING_VERSION = 1.0;
				PRODUCT_BUNDLE_IDENTIFIER = com.example.MoviePalTests;
				PRODUCT_NAME = "$(TARGET_NAME)";
				SWIFT_EMIT_LOC_STRINGS = NO;
				SWIFT_VERSION = 5.0;
				TARGETED_DEVICE_FAMILY = "1,2";
				TEST_HOST = "$(BUILT_PRODUCTS_DIR)/MoviePal.app/$(BUNDLE_EXECUTABLE_FOLDER_PATH)/MoviePal";
			};
			name = Debug;
		};
		74B8E5F529C8774400E870E4 /* Release */ = {
			isa = XCBuildConfiguration;
			buildSettings = {
				ALWAYS_EMBED_SWIFT_STANDARD_LIBRARIES = YES;
				BUNDLE_LOADER = "$(TEST_HOST)";
				CODE_SIGN_STYLE = Automatic;
				CURRENT_PROJECT_VERSION = 1;
				GENERATE_INFOPLIST_FILE = YES;
				IPHONEOS_DEPLOYMENT_TARGET = 16.2;
				MARKETING_VERSION = 1.0;
				PRODUCT_BUNDLE_IDENTIFIER = com.example.MoviePalTests;
				PRODUCT_NAME = "$(TARGET_NAME)";
				SWIFT_EMIT_LOC_STRINGS = NO;
				SWIFT_VERSION = 5.0;
				TARGETED_DEVICE_FAMILY = "1,2";
				TEST_HOST = "$(BUILT_PRODUCTS_DIR)/MoviePal.app/$(BUNDLE_EXECUTABLE_FOLDER_PATH)/MoviePal";
			};
			name = Release;
		};
		74B8E5F729C8774400E870E4 /* Debug */ = {
			isa = XCBuildConfiguration;
			buildSettings = {
				ALWAYS_EMBED_SWIFT_STANDARD_LIBRARIES = YES;
				CODE_SIGN_STYLE = Automatic;
				CURRENT_PROJECT_VERSION = 1;
				GENERATE_INFOPLIST_FILE = YES;
				MARKETING_VERSION = 1.0;
				PRODUCT_BUNDLE_IDENTIFIER = com.example.MoviePalUITests;
				PRODUCT_NAME = "$(TARGET_NAME)";
				SWIFT_EMIT_LOC_STRINGS = NO;
				SWIFT_VERSION = 5.0;
				TARGETED_DEVICE_FAMILY = "1,2";
				TEST_TARGET_NAME = MoviePal;
			};
			name = Debug;
		};
		74B8E5F829C8774400E870E4 /* Release */ = {
			isa = XCBuildConfiguration;
			buildSettings = {
				ALWAYS_EMBED_SWIFT_STANDARD_LIBRARIES = YES;
				CODE_SIGN_STYLE = Automatic;
				CURRENT_PROJECT_VERSION = 1;
				GENERATE_INFOPLIST_FILE = YES;
				MARKETING_VERSION = 1.0;
				PRODUCT_BUNDLE_IDENTIFIER = com.example.MoviePalUITests;
				PRODUCT_NAME = "$(TARGET_NAME)";
				SWIFT_EMIT_LOC_STRINGS = NO;
				SWIFT_VERSION = 5.0;
				TARGETED_DEVICE_FAMILY = "1,2";
				TEST_TARGET_NAME = MoviePal;
			};
			name = Release;
		};
/* End XCBuildConfiguration section */

/* Begin XCConfigurationList section */
		74B8E5C729C8773F00E870E4 /* Build configuration list for PBXProject "MoviePal" */ = {
			isa = XCConfigurationList;
			buildConfigurations = (
				74B8E5EE29C8774400E870E4 /* Debug */,
				74B8E5EF29C8774400E870E4 /* Release */,
			);
			defaultConfigurationIsVisible = 0;
			defaultConfigurationName = Release;
		};
		74B8E5F029C8774400E870E4 /* Build configuration list for PBXNativeTarget "MoviePal" */ = {
			isa = XCConfigurationList;
			buildConfigurations = (
				74B8E5F129C8774400E870E4 /* Debug */,
				74B8E5F229C8774400E870E4 /* Release */,
			);
			defaultConfigurationIsVisible = 0;
			defaultConfigurationName = Release;
		};
		74B8E5F329C8774400E870E4 /* Build configuration list for PBXNativeTarget "MoviePalTests" */ = {
			isa = XCConfigurationList;
			buildConfigurations = (
				74B8E5F429C8774400E870E4 /* Debug */,
				74B8E5F529C8774400E870E4 /* Release */,
			);
			defaultConfigurationIsVisible = 0;
			defaultConfigurationName = Release;
		};
		74B8E5F629C8774400E870E4 /* Build configuration list for PBXNativeTarget "MoviePalUITests" */ = {
			isa = XCConfigurationList;
			buildConfigurations = (
				74B8E5F729C8774400E870E4 /* Debug */,
				74B8E5F829C8774400E870E4 /* Release */,
			);
			defaultConfigurationIsVisible = 0;
			defaultConfigurationName = Release;
		};
/* End XCConfigurationList section */

/* Begin XCRemoteSwiftPackageReference section */
		748D8BC529C8A62B0072832F /* XCRemoteSwiftPackageReference "firebase-ios-sdk" */ = {
			isa = XCRemoteSwiftPackageReference;
			repositoryURL = "https://github.com/firebase/firebase-ios-sdk";
			requirement = {
				branch = master;
				kind = branch;
			};
		};
/* End XCRemoteSwiftPackageReference section */

/* Begin XCSwiftPackageProductDependency section */
		748D8BC629C8A62B0072832F /* FirebaseAuth */ = {
			isa = XCSwiftPackageProductDependency;
			package = 748D8BC529C8A62B0072832F /* XCRemoteSwiftPackageReference "firebase-ios-sdk" */;
			productName = FirebaseAuth;
		};
		748D8BC829C8A62B0072832F /* FirebaseDatabase */ = {
			isa = XCSwiftPackageProductDependency;
			package = 748D8BC529C8A62B0072832F /* XCRemoteSwiftPackageReference "firebase-ios-sdk" */;
			productName = FirebaseDatabase;
		};
		748D8BCA29C8A62B0072832F /* FirebaseFirestore */ = {
			isa = XCSwiftPackageProductDependency;
			package = 748D8BC529C8A62B0072832F /* XCRemoteSwiftPackageReference "firebase-ios-sdk" */;
			productName = FirebaseFirestore;
		};
		748D8BCC29C8A62B0072832F /* FirebaseFirestoreCombine-Community */ = {
			isa = XCSwiftPackageProductDependency;
			package = 748D8BC529C8A62B0072832F /* XCRemoteSwiftPackageReference "firebase-ios-sdk" */;
			productName = "FirebaseFirestoreCombine-Community";
		};
		748D8BCE29C8A62B0072832F /* FirebaseFirestoreSwift */ = {
			isa = XCSwiftPackageProductDependency;
			package = 748D8BC529C8A62B0072832F /* XCRemoteSwiftPackageReference "firebase-ios-sdk" */;
			productName = FirebaseFirestoreSwift;
		};
		748D8BD029C8A62B0072832F /* FirebaseFunctions */ = {
			isa = XCSwiftPackageProductDependency;
			package = 748D8BC529C8A62B0072832F /* XCRemoteSwiftPackageReference "firebase-ios-sdk" */;
			productName = FirebaseFunctions;
		};
		748D8BD229C8A62B0072832F /* FirebaseFunctionsCombine-Community */ = {
			isa = XCSwiftPackageProductDependency;
			package = 748D8BC529C8A62B0072832F /* XCRemoteSwiftPackageReference "firebase-ios-sdk" */;
			productName = "FirebaseFunctionsCombine-Community";
		};
		748D8BD429C8A62B0072832F /* FirebaseStorage */ = {
			isa = XCSwiftPackageProductDependency;
			package = 748D8BC529C8A62B0072832F /* XCRemoteSwiftPackageReference "firebase-ios-sdk" */;
			productName = FirebaseStorage;
		};
/* End XCSwiftPackageProductDependency section */
	};
	rootObject = 74B8E5C429C8773F00E870E4 /* Project object */;
}
